
Microsoft Visual Studio Solution File, Format Version 12.00
# Visual Studio Version 16
VisualStudioVersion = 16.0.29326.143
MinimumVisualStudioVersion = 10.0.40219.1
Project("{2150E333-8FDC-42A3-9474-1A3956D46DE8}") = "src", "src", "{12A2FA7B-70AD-40E1-AA01-6C8D31A4B9AE}"
EndProject
Project("{2150E333-8FDC-42A3-9474-1A3956D46DE8}") = "2-Services", "2-Services", "{91B8C39D-DCF3-4B5C-9328-C37EECD345D9}"
EndProject
Project("{2150E333-8FDC-42A3-9474-1A3956D46DE8}") = "1-Portals", "1-Portals", "{3BF2B684-C07B-4BC9-8AA8-71FC5842624B}"
EndProject
Project("{2150E333-8FDC-42A3-9474-1A3956D46DE8}") = "6-infra", "6-infra", "{BDB53A76-ED97-4EAC-9441-ADD228895AC5}"
EndProject
Project("{2150E333-8FDC-42A3-9474-1A3956D46DE8}") = "3-Application", "3-Application", "{D49B20CB-00F0-44BE-946C-384E896AFE40}"
EndProject
Project("{2150E333-8FDC-42A3-9474-1A3956D46DE8}") = "5-Wrappers", "5-Wrappers", "{E6468E18-DBBC-4A8C-99D2-07F9A715DB05}"
EndProject
Project("{2150E333-8FDC-42A3-9474-1A3956D46DE8}") = "4-Domain", "4-Domain", "{1844D271-E5E6-42E2-A7D7-0D487505DA3D}"
EndProject
Project("{9A19103F-16F7-4668-BE54-9A1E7A4F7556}") = "nwc.Tarwya.Application", "nwc.Tarwya.Application\nwc.Tarwya.Application.csproj", "{B151D839-A5B4-49CA-B6EA-590E3D09FCBC}"
EndProject
Project("{9A19103F-16F7-4668-BE54-9A1E7A4F7556}") = "nwc.Tarwya.Domain", "nwc.Tarwya.Domain\nwc.Tarwya.Domain.csproj", "{981BEFCD-ABFA-44E9-9B80-D9AC04B2763A}"
EndProject
Project("{9A19103F-16F7-4668-BE54-9A1E7A4F7556}") = "nwc.Tarwya.Infra.Core", "nwc.Tarwya.Core\nwc.Tarwya.Infra.Core.csproj", "{FED24123-A2F1-40AC-ABFB-F76D0A32D858}"
EndProject
Project("{9A19103F-16F7-4668-BE54-9A1E7A4F7556}") = "nwc.Tarwya.Infra.Ioc", "nwc.Tarwya.Ioc\nwc.Tarwya.Infra.Ioc.csproj", "{1574D1F8-7772-4660-B242-50222DDB782D}"
EndProject
Project("{9A19103F-16F7-4668-BE54-9A1E7A4F7556}") = "nwc.Logger", "nwc.Logger\nwc.Logger.csproj", "{6947F32B-6B1D-41E8-A240-4A40D0C2E5DF}"
EndProject
Project("{9A19103F-16F7-4668-BE54-9A1E7A4F7556}") = "nwc.Tarwya.Infra.Resources", "nwc.Tarwya.Infra.Resources\nwc.Tarwya.Infra.Resources.csproj", "{DB52A66B-3667-4788-82A5-5323FA089E3A}"
EndProject
Project("{9A19103F-16F7-4668-BE54-9A1E7A4F7556}") = "nwc.Tarwya.RESTFUL_API", "nwc.Tarwya.RESTFUL_API\nwc.Tarwya.RESTFUL_API.csproj", "{62963650-8F87-4370-BD71-42F33CADE892}"
EndProject
Project("{2150E333-8FDC-42A3-9474-1A3956D46DE8}") = "sql", "sql", "{E134278E-6C6A-4DE1-9678-6A01F82F9603}"
EndProject
Project("{9A19103F-16F7-4668-BE54-9A1E7A4F7556}") = "nwc.Tarwya.Integrations", "nwc.Tarwya.Integrations\nwc.Tarwya.Integrations.csproj", "{6E4E13A2-E33C-47DD-A549-CF7D7487A93E}"
EndProject
Project("{9A19103F-16F7-4668-BE54-9A1E7A4F7556}") = "nwc.Tarwya.Portal", "nwc.Tarwya.Portal\nwc.Tarwya.Portal.csproj", "{0069BBFC-852E-440A-BEEF-E4ABBE8B7A74}"
EndProject
Project("{FAE04EC0-301F-11D3-BF4B-00C04F79EFBC}") = "nwc.Tarwya.Infra.Identity", "nwc.Tarwya.Infra.Identity\nwc.Tarwya.Infra.Identity.csproj", "{6C7ABAF9-1482-42AF-9C89-86154EF5D09E}"
EndProject
Global
	GlobalSection(SolutionConfigurationPlatforms) = preSolution
		Debug|Any CPU = Debug|Any CPU
		Release|Any CPU = Release|Any CPU
	EndGlobalSection
	GlobalSection(ProjectConfigurationPlatforms) = postSolution
		{B151D839-A5B4-49CA-B6EA-590E3D09FCBC}.Debug|Any CPU.ActiveCfg = Debug|Any CPU
		{B151D839-A5B4-49CA-B6EA-590E3D09FCBC}.Debug|Any CPU.Build.0 = Debug|Any CPU
		{B151D839-A5B4-49CA-B6EA-590E3D09FCBC}.Release|Any CPU.ActiveCfg = Release|Any CPU
		{B151D839-A5B4-49CA-B6EA-590E3D09FCBC}.Release|Any CPU.Build.0 = Release|Any CPU
		{981BEFCD-ABFA-44E9-9B80-D9AC04B2763A}.Debug|Any CPU.ActiveCfg = Debug|Any CPU
		{981BEFCD-ABFA-44E9-9B80-D9AC04B2763A}.Debug|Any CPU.Build.0 = Debug|Any CPU
		{981BEFCD-ABFA-44E9-9B80-D9AC04B2763A}.Release|Any CPU.ActiveCfg = Release|Any CPU
		{981BEFCD-ABFA-44E9-9B80-D9AC04B2763A}.Release|Any CPU.Build.0 = Release|Any CPU
		{FED24123-A2F1-40AC-ABFB-F76D0A32D858}.Debug|Any CPU.ActiveCfg = Debug|Any CPU
		{FED24123-A2F1-40AC-ABFB-F76D0A32D858}.Debug|Any CPU.Build.0 = Debug|Any CPU
		{FED24123-A2F1-40AC-ABFB-F76D0A32D858}.Release|Any CPU.ActiveCfg = Release|Any CPU
		{FED24123-A2F1-40AC-ABFB-F76D0A32D858}.Release|Any CPU.Build.0 = Release|Any CPU
		{1574D1F8-7772-4660-B242-50222DDB782D}.Debug|Any CPU.ActiveCfg = Debug|Any CPU
		{1574D1F8-7772-4660-B242-50222DDB782D}.Debug|Any CPU.Build.0 = Debug|Any CPU
		{1574D1F8-7772-4660-B242-50222DDB782D}.Release|Any CPU.ActiveCfg = Release|Any CPU
		{1574D1F8-7772-4660-B242-50222DDB782D}.Release|Any CPU.Build.0 = Release|Any CPU
		{6947F32B-6B1D-41E8-A240-4A40D0C2E5DF}.Debug|Any CPU.ActiveCfg = Debug|Any CPU
		{6947F32B-6B1D-41E8-A240-4A40D0C2E5DF}.Debug|Any CPU.Build.0 = Debug|Any CPU
		{6947F32B-6B1D-41E8-A240-4A40D0C2E5DF}.Release|Any CPU.ActiveCfg = Release|Any CPU
		{6947F32B-6B1D-41E8-A240-4A40D0C2E5DF}.Release|Any CPU.Build.0 = Release|Any CPU
		{DB52A66B-3667-4788-82A5-5323FA089E3A}.Debug|Any CPU.ActiveCfg = Debug|Any CPU
		{DB52A66B-3667-4788-82A5-5323FA089E3A}.Debug|Any CPU.Build.0 = Debug|Any CPU
		{DB52A66B-3667-4788-82A5-5323FA089E3A}.Release|Any CPU.ActiveCfg = Release|Any CPU
		{DB52A66B-3667-4788-82A5-5323FA089E3A}.Release|Any CPU.Build.0 = Release|Any CPU
		{62963650-8F87-4370-BD71-42F33CADE892}.Debug|Any CPU.ActiveCfg = Debug|Any CPU
		{62963650-8F87-4370-BD71-42F33CADE892}.Debug|Any CPU.Build.0 = Debug|Any CPU
		{62963650-8F87-4370-BD71-42F33CADE892}.Release|Any CPU.ActiveCfg = Release|Any CPU
		{62963650-8F87-4370-BD71-42F33CADE892}.Release|Any CPU.Build.0 = Release|Any CPU
		{6E4E13A2-E33C-47DD-A549-CF7D7487A93E}.Debug|Any CPU.ActiveCfg = Debug|Any CPU
		{6E4E13A2-E33C-47DD-A549-CF7D7487A93E}.Debug|Any CPU.Build.0 = Debug|Any CPU
		{6E4E13A2-E33C-47DD-A549-CF7D7487A93E}.Release|Any CPU.ActiveCfg = Release|Any CPU
		{6E4E13A2-E33C-47DD-A549-CF7D7487A93E}.Release|Any CPU.Build.0 = Release|Any CPU
		{0069BBFC-852E-440A-BEEF-E4ABBE8B7A74}.Debug|Any CPU.ActiveCfg = Debug|Any CPU
		{0069BBFC-852E-440A-BEEF-E4ABBE8B7A74}.Debug|Any CPU.Build.0 = Debug|Any CPU
		{0069BBFC-852E-440A-BEEF-E4ABBE8B7A74}.Release|Any CPU.ActiveCfg = Release|Any CPU
		{0069BBFC-852E-440A-BEEF-E4ABBE8B7A74}.Release|Any CPU.Build.0 = Release|Any CPU
		{6C7ABAF9-1482-42AF-9C89-86154EF5D09E}.Debug|Any CPU.ActiveCfg = Debug|Any CPU
		{6C7ABAF9-1482-42AF-9C89-86154EF5D09E}.Debug|Any CPU.Build.0 = Debug|Any CPU
		{6C7ABAF9-1482-42AF-9C89-86154EF5D09E}.Release|Any CPU.ActiveCfg = Release|Any CPU
		{6C7ABAF9-1482-42AF-9C89-86154EF5D09E}.Release|Any CPU.Build.0 = Release|Any CPU
	EndGlobalSection
	GlobalSection(SolutionProperties) = preSolution
		HideSolutionNode = FALSE
	EndGlobalSection
	GlobalSection(NestedProjects) = preSolution
		{91B8C39D-DCF3-4B5C-9328-C37EECD345D9} = {12A2FA7B-70AD-40E1-AA01-6C8D31A4B9AE}
		{3BF2B684-C07B-4BC9-8AA8-71FC5842624B} = {12A2FA7B-70AD-40E1-AA01-6C8D31A4B9AE}
		{BDB53A76-ED97-4EAC-9441-ADD228895AC5} = {12A2FA7B-70AD-40E1-AA01-6C8D31A4B9AE}
		{D49B20CB-00F0-44BE-946C-384E896AFE40} = {12A2FA7B-70AD-40E1-AA01-6C8D31A4B9AE}
		{E6468E18-DBBC-4A8C-99D2-07F9A715DB05} = {12A2FA7B-70AD-40E1-AA01-6C8D31A4B9AE}
		{1844D271-E5E6-42E2-A7D7-0D487505DA3D} = {12A2FA7B-70AD-40E1-AA01-6C8D31A4B9AE}
		{B151D839-A5B4-49CA-B6EA-590E3D09FCBC} = {D49B20CB-00F0-44BE-946C-384E896AFE40}
		{981BEFCD-ABFA-44E9-9B80-D9AC04B2763A} = {1844D271-E5E6-42E2-A7D7-0D487505DA3D}
		{FED24123-A2F1-40AC-ABFB-F76D0A32D858} = {BDB53A76-ED97-4EAC-9441-ADD228895AC5}
		{1574D1F8-7772-4660-B242-50222DDB782D} = {BDB53A76-ED97-4EAC-9441-ADD228895AC5}
		{6947F32B-6B1D-41E8-A240-4A40D0C2E5DF} = {BDB53A76-ED97-4EAC-9441-ADD228895AC5}
		{DB52A66B-3667-4788-82A5-5323FA089E3A} = {BDB53A76-ED97-4EAC-9441-ADD228895AC5}
		{62963650-8F87-4370-BD71-42F33CADE892} = {91B8C39D-DCF3-4B5C-9328-C37EECD345D9}
		{6E4E13A2-E33C-47DD-A549-CF7D7487A93E} = {E6468E18-DBBC-4A8C-99D2-07F9A715DB05}
		{0069BBFC-852E-440A-BEEF-E4ABBE8B7A74} = {3BF2B684-C07B-4BC9-8AA8-71FC5842624B}
		{6C7ABAF9-1482-42AF-9C89-86154EF5D09E} = {BDB53A76-ED97-4EAC-9441-ADD228895AC5}
	EndGlobalSection
	GlobalSection(ExtensibilityGlobals) = postSolution
		SolutionGuid = {C278BFB7-E6DB-40B4-BEBC-A4DB55006946}
	EndGlobalSection
EndGlobal
